
Microsoft Visual Studio Solution File, Format Version 12.00
# Visual Studio Version 17
VisualStudioVersion = 17.4.33205.214
MinimumVisualStudioVersion = 10.0.40219.1
Project("{FAE04EC0-301F-11D3-BF4B-00C04F79EFBC}") = "Exercicio03-OptimizeCode", "Exercicio03-OptimizeCode\Exercicio03-OptimizeCode.csproj", "{126E60C4-2B25-47AB-930D-B4B3A2A23B98}"
EndProject
Global
	GlobalSection(SolutionConfigurationPlatforms) = preSolution
		Debug|Any CPU = Debug|Any CPU
		Release|Any CPU = Release|Any CPU
	EndGlobalSection
	GlobalSection(ProjectConfigurationPlatforms) = postSolution
		{126E60C4-2B25-47AB-930D-B4B3A2A23B98}.Debug|Any CPU.ActiveCfg = Debug|Any CPU
		{126E60C4-2B25-47AB-930D-B4B3A2A23B98}.Debug|Any CPU.Build.0 = Debug|Any CPU
		{126E60C4-2B25-47AB-930D-B4B3A2A23B98}.Release|Any CPU.ActiveCfg = Release|Any CPU
		{126E60C4-2B25-47AB-930D-B4B3A2A23B98}.Release|Any CPU.Build.0 = Release|Any CPU
	EndGlobalSection
	GlobalSection(SolutionProperties) = preSolution
		HideSolutionNode = FALSE
	EndGlobalSection
	GlobalSection(ExtensibilityGlobals) = postSolution
		SolutionGuid = {13EBE0BF-DC3A-4407-9D23-929F909E4145}
	EndGlobalSection
EndGlobal
